
Microsoft Visual Studio Solution File, Format Version 12.00
# Visual Studio Version 16
VisualStudioVersion = 16.0.29613.14
MinimumVisualStudioVersion = 10.0.40219.1
Project("{FAE04EC0-301F-11D3-BF4B-00C04F79EFBC}") = "JiraGraphThing", "JiraGraphThing\JiraGraphThing.csproj", "{1A70DDBA-0A6D-42C7-80D0-A31E2FB6E60E}"
EndProject
Project("{9A19103F-16F7-4668-BE54-9A1E7A4F7556}") = "JiraDataLayer", "JiraDataLayer\JiraDataLayer.csproj", "{47967A29-B57D-4EB4-B0E8-C892624933B9}"
EndProject
Project("{9A19103F-16F7-4668-BE54-9A1E7A4F7556}") = "Tests", "Tests\Tests.csproj", "{CD5ACB99-A9A3-4462-89C0-3BE59F053B1F}"
EndProject
Project("{FAE04EC0-301F-11D3-BF4B-00C04F79EFBC}") = "JiraGraphThing.Core", "JiraGraphThing.Core\JiraGraphThing.Core.csproj", "{4F1C20D8-84B8-4DA6-BF14-36DBB4707488}"
EndProject
Global
	GlobalSection(SolutionConfigurationPlatforms) = preSolution
		Debug|Any CPU = Debug|Any CPU
		Debug|ARM = Debug|ARM
		Debug|ARM64 = Debug|ARM64
		Debug|x64 = Debug|x64
		Debug|x86 = Debug|x86
		Release|Any CPU = Release|Any CPU
		Release|ARM = Release|ARM
		Release|ARM64 = Release|ARM64
		Release|x64 = Release|x64
		Release|x86 = Release|x86
	EndGlobalSection
	GlobalSection(ProjectConfigurationPlatforms) = postSolution
		{1A70DDBA-0A6D-42C7-80D0-A31E2FB6E60E}.Debug|Any CPU.ActiveCfg = Debug|x86
		{1A70DDBA-0A6D-42C7-80D0-A31E2FB6E60E}.Debug|ARM.ActiveCfg = Debug|ARM
		{1A70DDBA-0A6D-42C7-80D0-A31E2FB6E60E}.Debug|ARM.Build.0 = Debug|ARM
		{1A70DDBA-0A6D-42C7-80D0-A31E2FB6E60E}.Debug|ARM.Deploy.0 = Debug|ARM
		{1A70DDBA-0A6D-42C7-80D0-A31E2FB6E60E}.Debug|ARM64.ActiveCfg = Debug|ARM64
		{1A70DDBA-0A6D-42C7-80D0-A31E2FB6E60E}.Debug|ARM64.Build.0 = Debug|ARM64
		{1A70DDBA-0A6D-42C7-80D0-A31E2FB6E60E}.Debug|ARM64.Deploy.0 = Debug|ARM64
		{1A70DDBA-0A6D-42C7-80D0-A31E2FB6E60E}.Debug|x64.ActiveCfg = Debug|x64
		{1A70DDBA-0A6D-42C7-80D0-A31E2FB6E60E}.Debug|x64.Build.0 = Debug|x64
		{1A70DDBA-0A6D-42C7-80D0-A31E2FB6E60E}.Debug|x64.Deploy.0 = Debug|x64
		{1A70DDBA-0A6D-42C7-80D0-A31E2FB6E60E}.Debug|x86.ActiveCfg = Debug|x86
		{1A70DDBA-0A6D-42C7-80D0-A31E2FB6E60E}.Debug|x86.Build.0 = Debug|x86
		{1A70DDBA-0A6D-42C7-80D0-A31E2FB6E60E}.Debug|x86.Deploy.0 = Debug|x86
		{1A70DDBA-0A6D-42C7-80D0-A31E2FB6E60E}.Release|Any CPU.ActiveCfg = Release|x86
		{1A70DDBA-0A6D-42C7-80D0-A31E2FB6E60E}.Release|ARM.ActiveCfg = Release|ARM
		{1A70DDBA-0A6D-42C7-80D0-A31E2FB6E60E}.Release|ARM.Build.0 = Release|ARM
		{1A70DDBA-0A6D-42C7-80D0-A31E2FB6E60E}.Release|ARM.Deploy.0 = Release|ARM
		{1A70DDBA-0A6D-42C7-80D0-A31E2FB6E60E}.Release|ARM64.ActiveCfg = Release|ARM64
		{1A70DDBA-0A6D-42C7-80D0-A31E2FB6E60E}.Release|ARM64.Build.0 = Release|ARM64
		{1A70DDBA-0A6D-42C7-80D0-A31E2FB6E60E}.Release|ARM64.Deploy.0 = Release|ARM64
		{1A70DDBA-0A6D-42C7-80D0-A31E2FB6E60E}.Release|x64.ActiveCfg = Release|x64
		{1A70DDBA-0A6D-42C7-80D0-A31E2FB6E60E}.Release|x64.Build.0 = Release|x64
		{1A70DDBA-0A6D-42C7-80D0-A31E2FB6E60E}.Release|x64.Deploy.0 = Release|x64
		{1A70DDBA-0A6D-42C7-80D0-A31E2FB6E60E}.Release|x86.ActiveCfg = Release|x86
		{1A70DDBA-0A6D-42C7-80D0-A31E2FB6E60E}.Release|x86.Build.0 = Release|x86
		{1A70DDBA-0A6D-42C7-80D0-A31E2FB6E60E}.Release|x86.Deploy.0 = Release|x86
		{47967A29-B57D-4EB4-B0E8-C892624933B9}.Debug|Any CPU.ActiveCfg = Debug|Any CPU
		{47967A29-B57D-4EB4-B0E8-C892624933B9}.Debug|Any CPU.Build.0 = Debug|Any CPU
		{47967A29-B57D-4EB4-B0E8-C892624933B9}.Debug|ARM.ActiveCfg = Debug|Any CPU
		{47967A29-B57D-4EB4-B0E8-C892624933B9}.Debug|ARM.Build.0 = Debug|Any CPU
		{47967A29-B57D-4EB4-B0E8-C892624933B9}.Debug|ARM64.ActiveCfg = Debug|Any CPU
		{47967A29-B57D-4EB4-B0E8-C892624933B9}.Debug|ARM64.Build.0 = Debug|Any CPU
		{47967A29-B57D-4EB4-B0E8-C892624933B9}.Debug|x64.ActiveCfg = Debug|Any CPU
		{47967A29-B57D-4EB4-B0E8-C892624933B9}.Debug|x64.Build.0 = Debug|Any CPU
		{47967A29-B57D-4EB4-B0E8-C892624933B9}.Debug|x86.ActiveCfg = Debug|Any CPU
		{47967A29-B57D-4EB4-B0E8-C892624933B9}.Debug|x86.Build.0 = Debug|Any CPU
		{47967A29-B57D-4EB4-B0E8-C892624933B9}.Release|Any CPU.ActiveCfg = Release|Any CPU
		{47967A29-B57D-4EB4-B0E8-C892624933B9}.Release|Any CPU.Build.0 = Release|Any CPU
		{47967A29-B57D-4EB4-B0E8-C892624933B9}.Release|ARM.ActiveCfg = Release|Any CPU
		{47967A29-B57D-4EB4-B0E8-C892624933B9}.Release|ARM.Build.0 = Release|Any CPU
		{47967A29-B57D-4EB4-B0E8-C892624933B9}.Release|ARM64.ActiveCfg = Release|Any CPU
		{47967A29-B57D-4EB4-B0E8-C892624933B9}.Release|ARM64.Build.0 = Release|Any CPU
		{47967A29-B57D-4EB4-B0E8-C892624933B9}.Release|x64.ActiveCfg = Release|Any CPU
		{47967A29-B57D-4EB4-B0E8-C892624933B9}.Release|x64.Build.0 = Release|Any CPU
		{47967A29-B57D-4EB4-B0E8-C892624933B9}.Release|x86.ActiveCfg = Release|Any CPU
		{47967A29-B57D-4EB4-B0E8-C892624933B9}.Release|x86.Build.0 = Release|Any CPU
		{CD5ACB99-A9A3-4462-89C0-3BE59F053B1F}.Debug|Any CPU.ActiveCfg = Debug|Any CPU
		{CD5ACB99-A9A3-4462-89C0-3BE59F053B1F}.Debug|Any CPU.Build.0 = Debug|Any CPU
		{CD5ACB99-A9A3-4462-89C0-3BE59F053B1F}.Debug|ARM.ActiveCfg = Debug|Any CPU
		{CD5ACB99-A9A3-4462-89C0-3BE59F053B1F}.Debug|ARM.Build.0 = Debug|Any CPU
		{CD5ACB99-A9A3-4462-89C0-3BE59F053B1F}.Debug|ARM64.ActiveCfg = Debug|Any CPU
		{CD5ACB99-A9A3-4462-89C0-3BE59F053B1F}.Debug|ARM64.Build.0 = Debug|Any CPU
		{CD5ACB99-A9A3-4462-89C0-3BE59F053B1F}.Debug|x64.ActiveCfg = Debug|Any CPU
		{CD5ACB99-A9A3-4462-89C0-3BE59F053B1F}.Debug|x64.Build.0 = Debug|Any CPU
		{CD5ACB99-A9A3-4462-89C0-3BE59F053B1F}.Debug|x86.ActiveCfg = Debug|Any CPU
		{CD5ACB99-A9A3-4462-89C0-3BE59F053B1F}.Debug|x86.Build.0 = Debug|Any CPU
		{CD5ACB99-A9A3-4462-89C0-3BE59F053B1F}.Release|Any CPU.ActiveCfg = Release|Any CPU
		{CD5ACB99-A9A3-4462-89C0-3BE59F053B1F}.Release|Any CPU.Build.0 = Release|Any CPU
		{CD5ACB99-A9A3-4462-89C0-3BE59F053B1F}.Release|ARM.ActiveCfg = Release|Any CPU
		{CD5ACB99-A9A3-4462-89C0-3BE59F053B1F}.Release|ARM.Build.0 = Release|Any CPU
		{CD5ACB99-A9A3-4462-89C0-3BE59F053B1F}.Release|ARM64.ActiveCfg = Release|Any CPU
		{CD5ACB99-A9A3-4462-89C0-3BE59F053B1F}.Release|ARM64.Build.0 = Release|Any CPU
		{CD5ACB99-A9A3-4462-89C0-3BE59F053B1F}.Release|x64.ActiveCfg = Release|Any CPU
		{CD5ACB99-A9A3-4462-89C0-3BE59F053B1F}.Release|x64.Build.0 = Release|Any CPU
		{CD5ACB99-A9A3-4462-89C0-3BE59F053B1F}.Release|x86.ActiveCfg = Release|Any CPU
		{CD5ACB99-A9A3-4462-89C0-3BE59F053B1F}.Release|x86.Build.0 = Release|Any CPU
		{4F1C20D8-84B8-4DA6-BF14-36DBB4707488}.Debug|Any CPU.ActiveCfg = Debug|Any CPU
		{4F1C20D8-84B8-4DA6-BF14-36DBB4707488}.Debug|Any CPU.Build.0 = Debug|Any CPU
		{4F1C20D8-84B8-4DA6-BF14-36DBB4707488}.Debug|ARM.ActiveCfg = Debug|Any CPU
		{4F1C20D8-84B8-4DA6-BF14-36DBB4707488}.Debug|ARM.Build.0 = Debug|Any CPU
		{4F1C20D8-84B8-4DA6-BF14-36DBB4707488}.Debug|ARM64.ActiveCfg = Debug|Any CPU
		{4F1C20D8-84B8-4DA6-BF14-36DBB4707488}.Debug|ARM64.Build.0 = Debug|Any CPU
		{4F1C20D8-84B8-4DA6-BF14-36DBB4707488}.Debug|x64.ActiveCfg = Debug|Any CPU
		{4F1C20D8-84B8-4DA6-BF14-36DBB4707488}.Debug|x64.Build.0 = Debug|Any CPU
		{4F1C20D8-84B8-4DA6-BF14-36DBB4707488}.Debug|x86.ActiveCfg = Debug|Any CPU
		{4F1C20D8-84B8-4DA6-BF14-36DBB4707488}.Debug|x86.Build.0 = Debug|Any CPU
		{4F1C20D8-84B8-4DA6-BF14-36DBB4707488}.Release|Any CPU.ActiveCfg = Release|Any CPU
		{4F1C20D8-84B8-4DA6-BF14-36DBB4707488}.Release|Any CPU.Build.0 = Release|Any CPU
		{4F1C20D8-84B8-4DA6-BF14-36DBB4707488}.Release|ARM.ActiveCfg = Release|Any CPU
		{4F1C20D8-84B8-4DA6-BF14-36DBB4707488}.Release|ARM.Build.0 = Release|Any CPU
		{4F1C20D8-84B8-4DA6-BF14-36DBB4707488}.Release|ARM64.ActiveCfg = Release|Any CPU
		{4F1C20D8-84B8-4DA6-BF14-36DBB4707488}.Release|ARM64.Build.0 = Release|Any CPU
		{4F1C20D8-84B8-4DA6-BF14-36DBB4707488}.Release|x64.ActiveCfg = Release|Any CPU
		{4F1C20D8-84B8-4DA6-BF14-36DBB4707488}.Release|x64.Build.0 = Release|Any CPU
		{4F1C20D8-84B8-4DA6-BF14-36DBB4707488}.Release|x86.ActiveCfg = Release|Any CPU
		{4F1C20D8-84B8-4DA6-BF14-36DBB4707488}.Release|x86.Build.0 = Release|Any CPU
	EndGlobalSection
	GlobalSection(SolutionProperties) = preSolution
		HideSolutionNode = FALSE
	EndGlobalSection
	GlobalSection(ExtensibilityGlobals) = postSolution
		SolutionGuid = {D0B0F568-55B1-4BB3-ADC9-A3A2BE3DDFF0}
	EndGlobalSection
EndGlobal
